
Microsoft Visual Studio Solution File, Format Version 12.00
# Visual Studio Version 17
VisualStudioVersion = 17.14.37411.7 d17.14
MinimumVisualStudioVersion = 10.0.40219.1
Project("{FAE04EC0-301F-11D3-BF4B-00C04F79EFBC}") = "Cruds_Practice", "Cruds_Practice.csproj", "{B178B861-7D70-4713-AEFD-78ADFCCD176F}"
EndProject
Global
	GlobalSection(SolutionConfigurationPlatforms) = preSolution
		Debug|Any CPU = Debug|Any CPU
		Release|Any CPU = Release|Any CPU
	EndGlobalSection
	GlobalSection(ProjectConfigurationPlatforms) = postSolution
		{B178B861-7D70-4713-AEFD-78ADFCCD176F}.Debug|Any CPU.ActiveCfg = Debug|Any CPU
		{B178B861-7D70-4713-AEFD-78ADFCCD176F}.Debug|Any CPU.Build.0 = Debug|Any CPU
		{B178B861-7D70-4713-AEFD-78ADFCCD176F}.Release|Any CPU.ActiveCfg = Release|Any CPU
		{B178B861-7D70-4713-AEFD-78ADFCCD176F}.Release|Any CPU.Build.0 = Release|Any CPU
	EndGlobalSection
	GlobalSection(SolutionProperties) = preSolution
		HideSolutionNode = FALSE
	EndGlobalSection
	GlobalSection(ExtensibilityGlobals) = postSolution
		SolutionGuid = {F3E0F878-7D75-45AE-A3D8-C97EE4054295}
	EndGlobalSection
EndGlobal
